
Microsoft Visual Studio Solution File, Format Version 12.00
# Visual Studio Version 16
VisualStudioVersion = 16.0.30816.121
MinimumVisualStudioVersion = 10.0.40219.1
Project("{FAE04EC0-301F-11D3-BF4B-00C04F79EFBC}") = "MatchGame", "MatchGame.csproj", "{B2CC1C98-4016-4832-99C0-E41954BF21B2}"
EndProject
Global
	GlobalSection(SolutionConfigurationPlatforms) = preSolution
		Debug|Any CPU = Debug|Any CPU
		Release|Any CPU = Release|Any CPU
	EndGlobalSection
	GlobalSection(ProjectConfigurationPlatforms) = postSolution
		{B2CC1C98-4016-4832-99C0-E41954BF21B2}.Debug|Any CPU.ActiveCfg = Debug|Any CPU
		{B2CC1C98-4016-4832-99C0-E41954BF21B2}.Debug|Any CPU.Build.0 = Debug|Any CPU
		{B2CC1C98-4016-4832-99C0-E41954BF21B2}.Release|Any CPU.ActiveCfg = Release|Any CPU
		{B2CC1C98-4016-4832-99C0-E41954BF21B2}.Release|Any CPU.Build.0 = Release|Any CPU
	EndGlobalSection
	GlobalSection(SolutionProperties) = preSolution
		HideSolutionNode = FALSE
	EndGlobalSection
	GlobalSection(ExtensibilityGlobals) = postSolution
		SolutionGuid = {9FD43978-6B2C-4216-B593-6ACED86148D9}
	EndGlobalSection
EndGlobal
